{
  "originHash" : "58c8f385c1ae2313c187ffb5e804bc314664ef04a66441088ca450b2211be04e",
  "pins" : [
    {
      "identity" : "breeze-swift",
      "kind" : "remoteSourceControl",
      "location" : "https://github.com/beamo-co/breeze-swift",
      "state" : {
        "branch" : "main",
        "revision" : "31dbbb78644b31724b2639be1682ab5d2eed586b"
      }
    }
  ],
  "version" : 3
}
